
Microsoft Visual Studio Solution File, Format Version 12.00
# Visual Studio Version 16
VisualStudioVersion = 16.0.36128.20
MinimumVisualStudioVersion = 10.0.40219.1
Project("{FAE04EC0-301F-11D3-BF4B-00C04F79EFBC}") = "FinalAssignment", "FinalAssignment\FinalAssignment.csproj", "{9B30CFCF-2C8B-4C95-86A6-00945BFAB2D2}"
EndProject
Global
	GlobalSection(SolutionConfigurationPlatforms) = preSolution
		Debug|Any CPU = Debug|Any CPU
		Release|Any CPU = Release|Any CPU
	EndGlobalSection
	GlobalSection(ProjectConfigurationPlatforms) = postSolution
		{9B30CFCF-2C8B-4C95-86A6-00945BFAB2D2}.Debug|Any CPU.ActiveCfg = Debug|Any CPU
		{9B30CFCF-2C8B-4C95-86A6-00945BFAB2D2}.Debug|Any CPU.Build.0 = Debug|Any CPU
		{9B30CFCF-2C8B-4C95-86A6-00945BFAB2D2}.Release|Any CPU.ActiveCfg = Release|Any CPU
		{9B30CFCF-2C8B-4C95-86A6-00945BFAB2D2}.Release|Any CPU.Build.0 = Release|Any CPU
	EndGlobalSection
	GlobalSection(SolutionProperties) = preSolution
		HideSolutionNode = FALSE
	EndGlobalSection
	GlobalSection(ExtensibilityGlobals) = postSolution
		SolutionGuid = {888458E8-652B-4B93-A7DE-B7E48913985A}
	EndGlobalSection
EndGlobal
